{
  "name": "cloudflare-zip",
  "lockfileVersion": 3,
  "requires": true,
  "packages": {
    "": {
      "dependencies": {
        "@zip.js/zip.js": "^2.7.54"
      }
    },
    "node_modules/@zip.js/zip.js": {
      "version": "2.7.54",
      "resolved": "https://registry.npmjs.org/@zip.js/zip.js/-/zip.js-2.7.54.tgz",
      "integrity": "sha512-qMrJVg2hoEsZJjMJez9yI2+nZlBUxgYzGV3mqcb2B/6T1ihXp0fWBDYlVHlHquuorgNUQP5a8qSmX6HF5rFJNg==",
      "license": "BSD-3-Clause",
      "engines": {
        "bun": ">=0.7.0",
        "deno": ">=1.0.0",
        "node": ">=16.5.0"
      }
    }
  }
}
